
Microsoft Visual Studio Solution File, Format Version 12.00
Project("{FAE04EC0-301F-11D3-BF4B-00C04F79EFBC}") = "MkjmPrayerTimesAPI", "MkjmPrayerTimesAPI.csproj", "{41213A81-D0A4-439C-AD30-D249B325F60F}"
EndProject
Global
	GlobalSection(SolutionConfigurationPlatforms) = preSolution
		Debug|Any CPU = Debug|Any CPU
		Release|Any CPU = Release|Any CPU
	EndGlobalSection
	GlobalSection(ProjectConfigurationPlatforms) = postSolution
		{41213A81-D0A4-439C-AD30-D249B325F60F}.Debug|Any CPU.ActiveCfg = Debug|Any CPU
		{41213A81-D0A4-439C-AD30-D249B325F60F}.Debug|Any CPU.Build.0 = Debug|Any CPU
		{41213A81-D0A4-439C-AD30-D249B325F60F}.Release|Any CPU.ActiveCfg = Release|Any CPU
		{41213A81-D0A4-439C-AD30-D249B325F60F}.Release|Any CPU.Build.0 = Release|Any CPU
	EndGlobalSection
EndGlobal
